
Microsoft Visual Studio Solution File, Format Version 12.00
# Visual Studio Version 17
VisualStudioVersion = 17.4.33213.308
MinimumVisualStudioVersion = 10.0.40219.1
Project("{FAE04EC0-301F-11D3-BF4B-00C04F79EFBC}") = "AzurePipelineDemo", "AzurePipelineDemo.csproj", "{D3F053CD-3EDE-4EDC-8186-D6F727B0E3B9}"
EndProject
Global
	GlobalSection(SolutionConfigurationPlatforms) = preSolution
		Debug|Any CPU = Debug|Any CPU
		Release|Any CPU = Release|Any CPU
	EndGlobalSection
	GlobalSection(ProjectConfigurationPlatforms) = postSolution
		{D3F053CD-3EDE-4EDC-8186-D6F727B0E3B9}.Debug|Any CPU.ActiveCfg = Debug|Any CPU
		{D3F053CD-3EDE-4EDC-8186-D6F727B0E3B9}.Debug|Any CPU.Build.0 = Debug|Any CPU
		{D3F053CD-3EDE-4EDC-8186-D6F727B0E3B9}.Release|Any CPU.ActiveCfg = Release|Any CPU
		{D3F053CD-3EDE-4EDC-8186-D6F727B0E3B9}.Release|Any CPU.Build.0 = Release|Any CPU
	EndGlobalSection
	GlobalSection(SolutionProperties) = preSolution
		HideSolutionNode = FALSE
	EndGlobalSection
	GlobalSection(ExtensibilityGlobals) = postSolution
		SolutionGuid = {4E246F56-0B1D-431B-A42A-4B3857C4EDDA}
	EndGlobalSection
EndGlobal
